{
    "_meta": {
        "hash": {
            "sha256": "06caa029cb830d21710306f49f5833028c4a08133f624153a6202e9786a6305e"
        },
        "pipfile-spec": 6,
        "requires": {
            "python_version": "3.7"
        },
        "sources": [
            {
                "name": "pypi",
                "url": "https://pypi.org/simple",
                "verify_ssl": true
            }
        ]
    },
    "default": {
        "backports-shutil-get-terminal-size": {
            "hashes": [
                "sha256:0975ba55054c15e346944b38956a4c9cbee9009391e41b86c68990effb8c1f64"
            ],
            "index": "pypi",
            "version": "==1.0.0"
        },
        "decorator": {
            "hashes": [
                "sha256:5aff536ed9a65c99e8465c774d5859e56e52300aea0a5012c7a1c4a781fbdddb",
                "sha256:9c6e98edcb33499881b86ede07d9968c81ab7c769e28e9af24075f0a5379f070"
            ],
            "index": "pypi",
            "version": "==4.0.10"
        },
        "django": {
            "hashes": [
                "sha256:4d48ab8e84a7c8b2bc4b2f4f199bc3a8bfcc9cbdbc29e355ac5c44a501d73a1a",
                "sha256:e127f12a0bfb34843b6e8c82f91e26fff6445a7ca91d222c0794174cf97cbce1"
            ],
            "index": "pypi",
            "version": "==1.10.2"
        },
        "django-crispy-forms": {
            "hashes": [
                "sha256:18758a8baae8324c59dbc2ba6aad4e375cdb94bea638c45d6f45aeb029d0d142",
                "sha256:67fbb7194bd9887d663161405c623f5f5cd3f9ee627515c4de7a50e16fa44ed1"
            ],
            "index": "pypi",
            "version": "==1.6.0"
        },
        "djangorestframework": {
            "hashes": [
                "sha256:34f588119a6de012a0cbe3836c31a2d5f620993c3b955f64c951a3072e617e47",
                "sha256:6d1f00a91b8d45f88a482720996c587b3488ca69b37880d670e5fa034123efa1"
            ],
            "index": "pypi",
            "version": "==3.4.7"
        },
        "enum34": {
            "hashes": [
                "sha256:2d81cbbe0e73112bdfe6ef8576f2238f2ba27dd0d55752a776c41d38b7da2850",
                "sha256:644837f692e5f550741432dd3f223bbb9852018674981b1664e5dc339387588a",
                "sha256:6bd0f6ad48ec2aa117d3d141940d484deccda84d4fcd884f5c3d93c23ecd8c79",
                "sha256:8ad8c4783bf61ded74527bffb48ed9b54166685e4230386a9ed9b1279e2df5b1"
            ],
            "index": "pypi",
            "version": "==1.1.6"
        },
        "ipython": {
            "hashes": [
                "sha256:2db893efa27c237f314a4f28294279f5dabafff1d0a7bbb45f95e44edb17810c",
                "sha256:4452b99ed28453c68dbd2765899d3df8fa5b2bb98dcceb2028ca9c0ccbcc37eb",
                "sha256:7ef4694e1345913182126b219aaa4a0047e191af414256da6772cf249571b961",
                "sha256:e0dcab13f935afbb6441a1c34a882cd558dcb590ef295560f5a1af247e554931"
            ],
            "index": "pypi",
            "version": "==5.1.0"
        },
        "ipython-genutils": {
            "hashes": [
                "sha256:0c43fa84e93ad0e4dbecaffc6656ac1caf1a48359b2bb0a5da3af84164e3f49b",
                "sha256:3a0624a251a26463c9dfa0ffa635ec51c4265380980d9a50d65611c3c2bd82a6",
                "sha256:6218e9abd612fb5acfb175ea7c7b026006de4df9691d9a73c9b390cfa1a41c2b"
            ],
            "index": "pypi",
            "version": "==0.1.0"
        },
        "markdown": {
            "hashes": [
                "sha256:61169c455b0e541ac8b6d0cac33c785f14d486b4b24f28a58d63faeec6f2d0a8",
                "sha256:daebf24846efa7ff269cfde8c41a48bb2303920c7b2c7c5e04fa82e6282d05c0"
            ],
            "index": "pypi",
            "version": "==2.6.7"
        },
        "pathlib2": {
            "hashes": [
                "sha256:24e0b33e1333b55e73c9d1e9a8342417d519f7789a9d3b440f4acd00ea45157e",
                "sha256:deb3a960c1d55868dfbcac98432358b92ba89d95029cddd4040db1f27405055c"
            ],
            "index": "pypi",
            "version": "==2.1.0"
        },
        "pexpect": {
            "hashes": [
                "sha256:3d132465a75b57aa818341c6521392a06cc660feb3988d7f1074f39bd23c9a92",
                "sha256:f853b52afaf3b064d29854771e2db509ef80392509bde2dd7a6ecf2dfc3f0018"
            ],
            "index": "pypi",
            "version": "==4.2.1"
        },
        "pickleshare": {
            "hashes": [
                "sha256:84a9257227dfdd6fe1b4be1319096c20eb85ff1e82c7932f36efccfe1b09737b",
                "sha256:c9a2541f25aeabc070f12f452e1f2a8eae2abd51e1cd19e8430402bdf4c1d8b5"
            ],
            "index": "pypi",
            "version": "==0.7.4"
        },
        "prompt-toolkit": {
            "hashes": [
                "sha256:2611504e98b09c8e726073596f218b05632e24c8c20dc66a27b35621507dcbd8",
                "sha256:c55bfda53ab241b38547aaebf811be8cd12458486a5a6ce0abbfe7c7e445dfd6",
                "sha256:ef0b8188179fe7d052161ed274b43e18f5a680ff84d01462293b327e1668d2ef"
            ],
            "index": "pypi",
            "version": "==1.0.7"
        },
        "ptyprocess": {
            "hashes": [
                "sha256:0530ce63a9295bfae7bd06edc02b6aa935619f486f0f1dc0972f516265ee81a6",
                "sha256:464cb76f7a7122743dd25507650db89cd447c51f38e4671602b3eaa2e38e05ae"
            ],
            "index": "pypi",
            "version": "==0.5.1"
        },
        "pygments": {
            "hashes": [
                "sha256:bc9591213a8f0e0ca1a5e68a479b4887fdc3e75d0774e5c71c31920c427de435",
                "sha256:df49d09b498e83c1a73128295860250b0b7edd4c723a32e9bc0d295c7c2ec337"
            ],
            "index": "pypi",
            "version": "==2.7.4"
        },
        "simplegeneric": {
            "hashes": [
                "sha256:dc972e06094b9af5b855b3df4a646395e43d1c9d0d39ed345b7393560d0b9173"
            ],
            "index": "pypi",
            "version": "==0.8.1"
        },
        "six": {
            "hashes": [
                "sha256:0ff78c403d9bccf5a425a6d31a12aa6b47f1c21ca4dc2573a7e2f32a97335eb1",
                "sha256:105f8d68616f8248e24bf0e9372ef04d3cc10104f1980f54d57b2ce73a5ad56a"
            ],
            "index": "pypi",
            "version": "==1.10.0"
        },
        "traitlets": {
            "hashes": [
                "sha256:50522e46dd7b66c80686d50ff1b774000f1d2a80c84b2bcfbd657d588e99a368",
                "sha256:ba8c94323ccbe8fd792e45d8efe8c95d3e0744cc8c085295b607552ab573724c"
            ],
            "index": "pypi",
            "version": "==4.3.1"
        },
        "wcwidth": {
            "hashes": [
                "sha256:3df37372226d6e63e1b1e1eda15c594bca98a22d33a23832a90998faa96bc65e",
                "sha256:f4ebe71925af7b40a864553f761ed559b43544f8f71746c2d756c7fe788ade7c"
            ],
            "index": "pypi",
            "version": "==0.1.7"
        }
    },
    "develop": {}
}
